
Microsoft Visual Studio Solution File, Format Version 12.00
# Visual Studio Version 16
VisualStudioVersion = 16.0.28729.10
MinimumVisualStudioVersion = 10.0.40219.1
Project("{FAE04EC0-301F-11D3-BF4B-00C04F79EFBC}") = "project_InputStockBarang_zakia", "project_InputStockBarang_zakia\project_InputStockBarang_zakia.csproj", "{6C7737A0-B28D-4012-B8B8-9FFF2403F3E0}"
EndProject
Global
	GlobalSection(SolutionConfigurationPlatforms) = preSolution
		Debug|Any CPU = Debug|Any CPU
		Release|Any CPU = Release|Any CPU
	EndGlobalSection
	GlobalSection(ProjectConfigurationPlatforms) = postSolution
		{6C7737A0-B28D-4012-B8B8-9FFF2403F3E0}.Debug|Any CPU.ActiveCfg = Debug|Any CPU
		{6C7737A0-B28D-4012-B8B8-9FFF2403F3E0}.Debug|Any CPU.Build.0 = Debug|Any CPU
		{6C7737A0-B28D-4012-B8B8-9FFF2403F3E0}.Release|Any CPU.ActiveCfg = Release|Any CPU
		{6C7737A0-B28D-4012-B8B8-9FFF2403F3E0}.Release|Any CPU.Build.0 = Release|Any CPU
	EndGlobalSection
	GlobalSection(SolutionProperties) = preSolution
		HideSolutionNode = FALSE
	EndGlobalSection
	GlobalSection(ExtensibilityGlobals) = postSolution
		SolutionGuid = {31F97E91-63B9-4CE2-B11E-6D862A1BE03C}
	EndGlobalSection
EndGlobal
